// !$*UTF8*$!
{
	archiveVersion = 1;
	classes = {
	};
	objectVersion = 46;
	objects = {

/* Begin PBXBuildFile section */
		040C57FF1BBA740F006E2396 /* main.m in Sources */ = {isa = PBXBuildFile; fileRef = 040C57FE1BBA740F006E2396 /* main.m */; };
		040C58021BBA740F006E2396 /* AppDelegate.m in Sources */ = {isa = PBXBuildFile; fileRef = 040C58011BBA740F006E2396 /* AppDelegate.m */; };
		040C58051BBA740F006E2396 /* ViewController.m in Sources */ = {isa = PBXBuildFile; fileRef = 040C58041BBA740F006E2396 /* ViewController.m */; };
		040C58081BBA740F006E2396 /* Main.storyboard in Resources */ = {isa = PBXBuildFile; fileRef = 040C58061BBA740F006E2396 /* Main.storyboard */; };
		040C580A1BBA740F006E2396 /* Images.xcassets in Resources */ = {isa = PBXBuildFile; fileRef = 040C58091BBA740F006E2396 /* Images.xcassets */; };
		040C580D1BBA740F006E2396 /* LaunchScreen.xib in Resources */ = {isa = PBXBuildFile; fileRef = 040C580B1BBA740F006E2396 /* LaunchScreen.xib */; };
		040C58191BBA740F006E2396 /* FontsDemoTests.m in Sources */ = {isa = PBXBuildFile; fileRef = 040C58181BBA740F006E2396 /* FontsDemoTests.m */; };
/* End PBXBuildFile section */

/* Begin PBXContainerItemProxy section */
		040C58131BBA740F006E2396 /* PBXContainerItemProxy */ = {
			isa = PBXContainerItemProxy;
			containerPortal = 040C57F11BBA740F006E2396 /* Project object */;
			proxyType = 1;
			remoteGlobalIDString = 040C57F81BBA740F006E2396;
			remoteInfo = FontsDemo;
		};
/* End PBXContainerItemProxy section */

/* Begin PBXFileReference section */
		040C57F91BBA740F006E2396 /* FontsDemo.app */ = {isa = PBXFileReference; explicitFileType = wrapper.application; includeInIndex = 0; path = FontsDemo.app; sourceTree = BUILT_PRODUCTS_DIR; };
		040C57FD1BBA740F006E2396 /* Info.plist */ = {isa = PBXFileReference; lastKnownFileType = text.plist.xml; path = Info.plist; sourceTree = "<group>"; };
		040C57FE1BBA740F006E2396 /* main.m */ = {isa = PBXFileReference; lastKnownFileType = sourcecode.c.objc; path = main.m; sourceTree = "<group>"; };
		040C58001BBA740F006E2396 /* AppDelegate.h */ = {isa = PBXFileReference; lastKnownFileType = sourcecode.c.h; path = AppDelegate.h; sourceTree = "<group>"; };
		040C58011BBA740F006E2396 /* AppDelegate.m */ = {isa = PBXFileReference; lastKnownFileType = sourcecode.c.objc; path = AppDelegate.m; sourceTree = "<group>"; };
		040C58031BBA740F006E2396 /* ViewController.h */ = {isa = PBXFileReference; lastKnownFileType = sourcecode.c.h; path = ViewController.h; sourceTree = "<group>"; };
		040C58041BBA740F006E2396 /* ViewController.m */ = {isa = PBXFileReference; lastKnownFileType = sourcecode.c.objc; path = ViewController.m; sourceTree = "<group>"; };
		040C58071BBA740F006E2396 /* Base */ = {isa = PBXFileReference; lastKnownFileType = file.storyboard; name = Base; path = Base.lproj/Main.storyboard; sourceTree = "<group>"; };
		040C58091BBA740F006E2396 /* Images.xcassets */ = {isa = PBXFileReference; lastKnownFileType = folder.assetcatalog; path = Images.xcassets; sourceTree = "<group>"; };
		040C580C1BBA740F006E2396 /* Base */ = {isa = PBXFileReference; lastKnownFileType = file.xib; name = Base; path = Base.lproj/LaunchScreen.xib; sourceTree = "<group>"; };
		040C58121BBA740F006E2396 /* FontsDemoTests.xctest */ = {isa = PBXFileReference; explicitFileType = wrapper.cfbundle; includeInIndex = 0; path = FontsDemoTests.xctest; sourceTree = BUILT_PRODUCTS_DIR; };
		040C58171BBA740F006E2396 /* Info.plist */ = {isa = PBXFileReference; lastKnownFileType = text.plist.xml; path = Info.plist; sourceTree = "<group>"; };
		040C58181BBA740F006E2396 /* FontsDemoTests.m */ = {isa = PBXFileReference; lastKnownFileType = sourcecode.c.objc; path = FontsDemoTests.m; sourceTree = "<group>"; };
/* End PBXFileReference section */

/* Begin PBXFrameworksBuildPhase section */
		040C57F61BBA740F006E2396 /* Frameworks */ = {
			isa = PBXFrameworksBuildPhase;
			buildActionMask = 2147483647;
			files = (
			);
			runOnlyForDeploymentPostprocessing = 0;
		};
		040C580F1BBA740F006E2396 /* Frameworks */ = {
			isa = PBXFrameworksBuildPhase;
			buildActionMask = 2147483647;
			files = (
			);
			runOnlyForDeploymentPostprocessing = 0;
		};
/* End PBXFrameworksBuildPhase section */

/* Begin PBXGroup section */
		040C57F01BBA740F006E2396 = {
			isa = PBXGroup;
			children = (
				040C57FB1BBA740F006E2396 /* FontsDemo */,
				040C58151BBA740F006E2396 /* FontsDemoTests */,
				040C57FA1BBA740F006E2396 /* Products */,
			);
			sourceTree = "<group>";
		};
		040C57FA1BBA740F006E2396 /* Products */ = {
			isa = PBXGroup;
			children = (
				040C57F91BBA740F006E2396 /* FontsDemo.app */,
				040C58121BBA740F006E2396 /* FontsDemoTests.xctest */,
			);
			name = Products;
			sourceTree = "<group>";
		};
		040C57FB1BBA740F006E2396 /* FontsDemo */ = {
			isa = PBXGroup;
			children = (
				040C58001BBA740F006E2396 /* AppDelegate.h */,
				040C58011BBA740F006E2396 /* AppDelegate.m */,
				040C58031BBA740F006E2396 /* ViewController.h */,
				040C58041BBA740F006E2396 /* ViewController.m */,
				040C58061BBA740F006E2396 /* Main.storyboard */,
				040C58091BBA740F006E2396 /* Images.xcassets */,
				040C580B1BBA740F006E2396 /* LaunchScreen.xib */,
				040C57FC1BBA740F006E2396 /* Supporting Files */,
			);
			path = FontsDemo;
			sourceTree = "<group>";
		};
		040C57FC1BBA740F006E2396 /* Supporting Files */ = {
			isa = PBXGroup;
			children = (
				040C57FD1BBA740F006E2396 /* Info.plist */,
				040C57FE1BBA740F006E2396 /* main.m */,
			);
			name = "Supporting Files";
			sourceTree = "<group>";
		};
		040C58151BBA740F006E2396 /* FontsDemoTests */ = {
			isa = PBXGroup;
			children = (
				040C58181BBA740F006E2396 /* FontsDemoTests.m */,
				040C58161BBA740F006E2396 /* Supporting Files */,
			);
			path = FontsDemoTests;
			sourceTree = "<group>";
		};
		040C58161BBA740F006E2396 /* Supporting Files */ = {
			isa = PBXGroup;
			children = (
				040C58171BBA740F006E2396 /* Info.plist */,
			);
			name = "Supporting Files";
			sourceTree = "<group>";
		};
/* End PBXGroup section */

/* Begin PBXNativeTarget section */
		040C57F81BBA740F006E2396 /* FontsDemo */ = {
			isa = PBXNativeTarget;
			buildConfigurationList = 040C581C1BBA740F006E2396 /* Build configuration list for PBXNativeTarget "FontsDemo" */;
			buildPhases = (
				040C57F51BBA740F006E2396 /* Sources */,
				040C57F61BBA740F006E2396 /* Frameworks */,
				040C57F71BBA740F006E2396 /* Resources */,
			);
			buildRules = (
			);
			dependencies = (
			);
			name = FontsDemo;
			productName = FontsDemo;
			productReference = 040C57F91BBA740F006E2396 /* FontsDemo.app */;
			productType = "com.apple.product-type.application";
		};
		040C58111BBA740F006E2396 /* FontsDemoTests */ = {
			isa = PBXNativeTarget;
			buildConfigurationList = 040C581F1BBA740F006E2396 /* Build configuration list for PBXNativeTarget "FontsDemoTests" */;
			buildPhases = (
				040C580E1BBA740F006E2396 /* Sources */,
				040C580F1BBA740F006E2396 /* Frameworks */,
				040C58101BBA740F006E2396 /* Resources */,
			);
			buildRules = (
			);
			dependencies = (
				040C58141BBA740F006E2396 /* PBXTargetDependency */,
			);
			name = FontsDemoTests;
			productName = FontsDemoTests;
			productReference = 040C58121BBA740F006E2396 /* FontsDemoTests.xctest */;
			productType = "com.apple.product-type.bundle.unit-test";
		};
/* End PBXNativeTarget section */

/* Begin PBXProject section */
		040C57F11BBA740F006E2396 /* Project object */ = {
			isa = PBXProject;
			attributes = {
				LastUpgradeCheck = 0640;
				ORGANIZATIONNAME = "Wednesday technologies";
				TargetAttributes = {
					040C57F81BBA740F006E2396 = {
						CreatedOnToolsVersion = 6.4;
					};
					040C58111BBA740F006E2396 = {
						CreatedOnToolsVersion = 6.4;
						TestTargetID = 040C57F81BBA740F006E2396;
					};
				};
			};
			buildConfigurationList = 040C57F41BBA740F006E2396 /* Build configuration list for PBXProject "FontsDemo" */;
			compatibilityVersion = "Xcode 3.2";
			developmentRegion = English;
			hasScannedForEncodings = 0;
			knownRegions = (
				en,
				Base,
			);
			mainGroup = 040C57F01BBA740F006E2396;
			productRefGroup = 040C57FA1BBA740F006E2396 /* Products */;
			projectDirPath = "";
			projectRoot = "";
			targets = (
				040C57F81BBA740F006E2396 /* FontsDemo */,
				040C58111BBA740F006E2396 /* FontsDemoTests */,
			);
		};
/* End PBXProject section */

/* Begin PBXResourcesBuildPhase section */
		040C57F71BBA740F006E2396 /* Resources */ = {
			isa = PBXResourcesBuildPhase;
			buildActionMask = 2147483647;
			files = (
				040C58081BBA740F006E2396 /* Main.storyboard in Resources */,
				040C580D1BBA740F006E2396 /* LaunchScreen.xib in Resources */,
				040C580A1BBA740F006E2396 /* Images.xcassets in Resources */,
			);
			runOnlyForDeploymentPostprocessing = 0;
		};
		040C58101BBA740F006E2396 /* Resources */ = {
			isa = PBXResourcesBuildPhase;
			buildActionMask = 2147483647;
			files = (
			);
			runOnlyForDeploymentPostprocessing = 0;
		};
/* End PBXResourcesBuildPhase section */

/* Begin PBXSourcesBuildPhase section */
		040C57F51BBA740F006E2396 /* Sources */ = {
			isa = PBXSourcesBuildPhase;
			buildActionMask = 2147483647;
			files = (
				040C58051BBA740F006E2396 /* ViewController.m in Sources */,
				040C58021BBA740F006E2396 /* AppDelegate.m in Sources */,
				040C57FF1BBA740F006E2396 /* main.m in Sources */,
			);
			runOnlyForDeploymentPostprocessing = 0;
		};
		040C580E1BBA740F006E2396 /* Sources */ = {
			isa = PBXSourcesBuildPhase;
			buildActionMask = 2147483647;
			files = (
				040C58191BBA740F006E2396 /* FontsDemoTests.m in Sources */,
			);
			runOnlyForDeploymentPostprocessing = 0;
		};
/* End PBXSourcesBuildPhase section */

/* Begin PBXTargetDependency section */
		040C58141BBA740F006E2396 /* PBXTargetDependency */ = {
			isa = PBXTargetDependency;
			target = 040C57F81BBA740F006E2396 /* FontsDemo */;
			targetProxy = 040C58131BBA740F006E2396 /* PBXContainerItemProxy */;
		};
/* End PBXTargetDependency section */

/* Begin PBXVariantGroup section */
		040C58061BBA740F006E2396 /* Main.storyboard */ = {
			isa = PBXVariantGroup;
			children = (
				040C58071BBA740F006E2396 /* Base */,
			);
			name = Main.storyboard;
			sourceTree = "<group>";
		};
		040C580B1BBA740F006E2396 /* LaunchScreen.xib */ = {
			isa = PBXVariantGroup;
			children = (
				040C580C1BBA740F006E2396 /* Base */,
			);
			name = LaunchScreen.xib;
			sourceTree = "<group>";
		};
/* End PBXVariantGroup section */

/* Begin XCBuildConfiguration section */
		040C581A1BBA740F006E2396 /* Debug */ = {
			isa = XCBuildConfiguration;
			buildSettings = {
				ALWAYS_SEARCH_USER_PATHS = NO;
				CLANG_CXX_LANGUAGE_STANDARD = "gnu++0x";
				CLANG_CXX_LIBRARY = "libc++";
				CLANG_ENABLE_MODULES = YES;
				CLANG_ENABLE_OBJC_ARC = YES;
				CLANG_WARN_BOOL_CONVERSION = YES;
				CLANG_WARN_CONSTANT_CONVERSION = YES;
				CLANG_WARN_DIRECT_OBJC_ISA_USAGE = YES_ERROR;
				CLANG_WARN_EMPTY_BODY = YES;
				CLANG_WARN_ENUM_CONVERSION = YES;
				CLANG_WARN_INT_CONVERSION = YES;
				CLANG_WARN_OBJC_ROOT_CLASS = YES_ERROR;
				CLANG_WARN_UNREACHABLE_CODE = YES;
				CLANG_WARN__DUPLICATE_METHOD_MATCH = YES;
				"CODE_SIGN_IDENTITY[sdk=iphoneos*]" = "iPhone Developer";
				COPY_PHASE_STRIP = NO;
				DEBUG_INFORMATION_FORMAT = "dwarf-with-dsym";
				ENABLE_STRICT_OBJC_MSGSEND = YES;
				GCC_C_LANGUAGE_STANDARD = gnu99;
				GCC_DYNAMIC_NO_PIC = NO;
				GCC_NO_COMMON_BLOCKS = YES;
				GCC_OPTIMIZATION_LEVEL = 0;
				GCC_PREPROCESSOR_DEFINITIONS = (
					"DEBUG=1",
					"$(inherited)",
				);
				GCC_SYMBOLS_PRIVATE_EXTERN = NO;
				GCC_WARN_64_TO_32_BIT_CONVERSION = YES;
				GCC_WARN_ABOUT_RETURN_TYPE = YES_ERROR;
				GCC_WARN_UNDECLARED_SELECTOR = YES;
				GCC_WARN_UNINITIALIZED_AUTOS = YES_AGGRESSIVE;
				GCC_WARN_UNUSED_FUNCTION = YES;
				GCC_WARN_UNUSED_VARIABLE = YES;
				IPHONEOS_DEPLOYMENT_TARGET = 8.4;
				MTL_ENABLE_DEBUG_INFO = YES;
				ONLY_ACTIVE_ARCH = YES;
				SDKROOT = iphoneos;
				TARGETED_DEVICE_FAMILY = "1,2";
			};
			name = Debug;
		};
		040C581B1BBA740F006E2396 /* Release */ = {
			isa = XCBuildConfiguration;
			buildSettings = {
				ALWAYS_SEARCH_USER_PATHS = NO;
				CLANG_CXX_LANGUAGE_STANDARD = "gnu++0x";
				CLANG_CXX_LIBRARY = "libc++";
				CLANG_ENABLE_MODULES = YES;
				CLANG_ENABLE_OBJC_ARC = YES;
				CLANG_WARN_BOOL_CONVERSION = YES;
				CLANG_WARN_CONSTANT_CONVERSION = YES;
				CLANG_WARN_DIRECT_OBJC_ISA_USAGE = YES_ERROR;
				CLANG_WARN_EMPTY_BODY = YES;
				CLANG_WARN_ENUM_CONVERSION = YES;
				CLANG_WARN_INT_CONVERSION = YES;
				CLANG_WARN_OBJC_ROOT_CLASS = YES_ERROR;
				CLANG_WARN_UNREACHABLE_CODE = YES;
				CLANG_WARN__DUPLICATE_METHOD_MATCH = YES;
				"CODE_SIGN_IDENTITY[sdk=iphoneos*]" = "iPhone Developer";
				COPY_PHASE_STRIP = NO;
				DEBUG_INFORMATION_FORMAT = "dwarf-with-dsym";
				ENABLE_NS_ASSERTIONS = NO;
				ENABLE_STRICT_OBJC_MSGSEND = YES;
				GCC_C_LANGUAGE_STANDARD = gnu99;
				GCC_NO_COMMON_BLOCKS = YES;
				GCC_WARN_64_TO_32_BIT_CONVERSION = YES;
				GCC_WARN_ABOUT_RETURN_TYPE = YES_ERROR;
				GCC_WARN_UNDECLARED_SELECTOR = YES;
				GCC_WARN_UNINITIALIZED_AUTOS = YES_AGGRESSIVE;
				GCC_WARN_UNUSED_FUNCTION = YES;
				GCC_WARN_UNUSED_VARIABLE = YES;
				IPHONEOS_DEPLOYMENT_TARGET = 8.4;
				MTL_ENABLE_DEBUG_INFO = NO;
				SDKROOT = iphoneos;
				TARGETED_DEVICE_FAMILY = "1,2";
				VALIDATE_PRODUCT = YES;
			};
			name = Release;
		};
		040C581D1BBA740F006E2396 /* Debug */ = {
			isa = XCBuildConfiguration;
			buildSettings = {
				ASSETCATALOG_COMPILER_APPICON_NAME = AppIcon;
				INFOPLIST_FILE = FontsDemo/Info.plist;
				LD_RUNPATH_SEARCH_PATHS = "$(inherited) @executable_path/Frameworks";
				PRODUCT_NAME = "$(TARGET_NAME)";
			};
			name = Debug;
		};
		040C581E1BBA740F006E2396 /* Release */ = {
			isa = XCBuildConfiguration;
			buildSettings = {
				ASSETCATALOG_COMPILER_APPICON_NAME = AppIcon;
				INFOPLIST_FILE = FontsDemo/Info.plist;
				LD_RUNPATH_SEARCH_PATHS = "$(inherited) @executable_path/Frameworks";
				PRODUCT_NAME = "$(TARGET_NAME)";
			};
			name = Release;
		};
		040C58201BBA740F006E2396 /* Debug */ = {
			isa = XCBuildConfiguration;
			buildSettings = {
				BUNDLE_LOADER = "$(TEST_HOST)";
				FRAMEWORK_SEARCH_PATHS = (
					"$(SDKROOT)/Developer/Library/Frameworks",
					"$(inherited)",
				);
				GCC_PREPROCESSOR_DEFINITIONS = (
					"DEBUG=1",
					"$(inherited)",
				);
				INFOPLIST_FILE = FontsDemoTests/Info.plist;
				LD_RUNPATH_SEARCH_PATHS = "$(inherited) @executable_path/Frameworks @loader_path/Frameworks";
				PRODUCT_NAME = "$(TARGET_NAME)";
				TEST_HOST = "$(BUILT_PRODUCTS_DIR)/FontsDemo.app/FontsDemo";
			};
			name = Debug;
		};
		040C58211BBA740F006E2396 /* Release */ = {
			isa = XCBuildConfiguration;
			buildSettings = {
				BUNDLE_LOADER = "$(TEST_HOST)";
				FRAMEWORK_SEARCH_PATHS = (
					"$(SDKROOT)/Developer/Library/Frameworks",
					"$(inherited)",
				);
				INFOPLIST_FILE = FontsDemoTests/Info.plist;
				LD_RUNPATH_SEARCH_PATHS = "$(inherited) @executable_path/Frameworks @loader_path/Frameworks";
				PRODUCT_NAME = "$(TARGET_NAME)";
				TEST_HOST = "$(BUILT_PRODUCTS_DIR)/FontsDemo.app/FontsDemo";
			};
			name = Release;
		};
/* End XCBuildConfiguration section */

/* Begin XCConfigurationList section */
		040C57F41BBA740F006E2396 /* Build configuration list for PBXProject "FontsDemo" */ = {
			isa = XCConfigurationList;
			buildConfigurations = (
				040C581A1BBA740F006E2396 /* Debug */,
				040C581B1BBA740F006E2396 /* Release */,
			);
			defaultConfigurationIsVisible = 0;
			defaultConfigurationName = Release;
		};
		040C581C1BBA740F006E2396 /* Build configuration list for PBXNativeTarget "FontsDemo" */ = {
			isa = XCConfigurationList;
			buildConfigurations = (
				040C581D1BBA740F006E2396 /* Debug */,
				040C581E1BBA740F006E2396 /* Release */,
			);
			defaultConfigurationIsVisible = 0;
		};
		040C581F1BBA740F006E2396 /* Build configuration list for PBXNativeTarget "FontsDemoTests" */ = {
			isa = XCConfigurationList;
			buildConfigurations = (
				040C58201BBA740F006E2396 /* Debug */,
				040C58211BBA740F006E2396 /* Release */,
			);
			defaultConfigurationIsVisible = 0;
		};
/* End XCConfigurationList section */
	};
	rootObject = 040C57F11BBA740F006E2396 /* Project object */;
}
